// !$*UTF8*$!
{
	archiveVersion = 1;
	classes = {
	};
	objectVersion = 46;
	objects = {

/* Begin PBXBuildFile section */
		24244E581BD65CD600F781DF /* DaveoIdea.swift in Sources */ = {isa = PBXBuildFile; fileRef = 24244E571BD65CD600F781DF /* DaveoIdea.swift */; settings = {ASSET_TAGS = (); }; };
		2436BA8E1BD639190030DE13 /* AppDelegate.swift in Sources */ = {isa = PBXBuildFile; fileRef = 2436BA8D1BD639190030DE13 /* AppDelegate.swift */; };
		2436BA901BD639190030DE13 /* ViewController.swift in Sources */ = {isa = PBXBuildFile; fileRef = 2436BA8F1BD639190030DE13 /* ViewController.swift */; };
		2436BA931BD639190030DE13 /* Main.storyboard in Resources */ = {isa = PBXBuildFile; fileRef = 2436BA911BD639190030DE13 /* Main.storyboard */; };
		2436BA961BD639190030DE13 /* DaveoIdeoBox.xcdatamodeld in Sources */ = {isa = PBXBuildFile; fileRef = 2436BA941BD639190030DE13 /* DaveoIdeoBox.xcdatamodeld */; };
		2436BA981BD639190030DE13 /* Assets.xcassets in Resources */ = {isa = PBXBuildFile; fileRef = 2436BA971BD639190030DE13 /* Assets.xcassets */; };
		2436BA9B1BD639190030DE13 /* LaunchScreen.storyboard in Resources */ = {isa = PBXBuildFile; fileRef = 2436BA991BD639190030DE13 /* LaunchScreen.storyboard */; };
		2436BAA61BD639190030DE13 /* DaveoIdeoBoxTests.swift in Sources */ = {isa = PBXBuildFile; fileRef = 2436BAA51BD639190030DE13 /* DaveoIdeoBoxTests.swift */; };
		2436BAB11BD639190030DE13 /* DaveoIdeoBoxUITests.swift in Sources */ = {isa = PBXBuildFile; fileRef = 2436BAB01BD639190030DE13 /* DaveoIdeoBoxUITests.swift */; };
/* End PBXBuildFile section */

/* Begin PBXContainerItemProxy section */
		2436BAA21BD639190030DE13 /* PBXContainerItemProxy */ = {
			isa = PBXContainerItemProxy;
			containerPortal = 2436BA821BD639190030DE13 /* Project object */;
			proxyType = 1;
			remoteGlobalIDString = 2436BA891BD639190030DE13;
			remoteInfo = DaveoIdeoBox;
		};
		2436BAAD1BD639190030DE13 /* PBXContainerItemProxy */ = {
			isa = PBXContainerItemProxy;
			containerPortal = 2436BA821BD639190030DE13 /* Project object */;
			proxyType = 1;
			remoteGlobalIDString = 2436BA891BD639190030DE13;
			remoteInfo = DaveoIdeoBox;
		};
/* End PBXContainerItemProxy section */

/* Begin PBXFileReference section */
		24244E571BD65CD600F781DF /* DaveoIdea.swift */ = {isa = PBXFileReference; fileEncoding = 4; lastKnownFileType = sourcecode.swift; path = DaveoIdea.swift; sourceTree = "<group>"; };
		2436BA8A1BD639190030DE13 /* DaveoIdeoBox.app */ = {isa = PBXFileReference; explicitFileType = wrapper.application; includeInIndex = 0; path = DaveoIdeoBox.app; sourceTree = BUILT_PRODUCTS_DIR; };
		2436BA8D1BD639190030DE13 /* AppDelegate.swift */ = {isa = PBXFileReference; lastKnownFileType = sourcecode.swift; path = AppDelegate.swift; sourceTree = "<group>"; };
		2436BA8F1BD639190030DE13 /* ViewController.swift */ = {isa = PBXFileReference; lastKnownFileType = sourcecode.swift; path = ViewController.swift; sourceTree = "<group>"; };
		2436BA921BD639190030DE13 /* Base */ = {isa = PBXFileReference; lastKnownFileType = file.storyboard; name = Base; path = Base.lproj/Main.storyboard; sourceTree = "<group>"; };
		2436BA951BD639190030DE13 /* DaveoIdeoBox.xcdatamodel */ = {isa = PBXFileReference; lastKnownFileType = wrapper.xcdatamodel; path = DaveoIdeoBox.xcdatamodel; sourceTree = "<group>"; };
		2436BA971BD639190030DE13 /* Assets.xcassets */ = {isa = PBXFileReference; lastKnownFileType = folder.assetcatalog; path = Assets.xcassets; sourceTree = "<group>"; };
		2436BA9A1BD639190030DE13 /* Base */ = {isa = PBXFileReference; lastKnownFileType = file.storyboard; name = Base; path = Base.lproj/LaunchScreen.storyboard; sourceTree = "<group>"; };
		2436BA9C1BD639190030DE13 /* Info.plist */ = {isa = PBXFileReference; lastKnownFileType = text.plist.xml; path = Info.plist; sourceTree = "<group>"; };
		2436BAA11BD639190030DE13 /* DaveoIdeoBoxTests.xctest */ = {isa = PBXFileReference; explicitFileType = wrapper.cfbundle; includeInIndex = 0; path = DaveoIdeoBoxTests.xctest; sourceTree = BUILT_PRODUCTS_DIR; };
		2436BAA51BD639190030DE13 /* DaveoIdeoBoxTests.swift */ = {isa = PBXFileReference; lastKnownFileType = sourcecode.swift; path = DaveoIdeoBoxTests.swift; sourceTree = "<group>"; };
		2436BAA71BD639190030DE13 /* Info.plist */ = {isa = PBXFileReference; lastKnownFileType = text.plist.xml; path = Info.plist; sourceTree = "<group>"; };
		2436BAAC1BD639190030DE13 /* DaveoIdeoBoxUITests.xctest */ = {isa = PBXFileReference; explicitFileType = wrapper.cfbundle; includeInIndex = 0; path = DaveoIdeoBoxUITests.xctest; sourceTree = BUILT_PRODUCTS_DIR; };
		2436BAB01BD639190030DE13 /* DaveoIdeoBoxUITests.swift */ = {isa = PBXFileReference; lastKnownFileType = sourcecode.swift; path = DaveoIdeoBoxUITests.swift; sourceTree = "<group>"; };
		2436BAB21BD639190030DE13 /* Info.plist */ = {isa = PBXFileReference; lastKnownFileType = text.plist.xml; path = Info.plist; sourceTree = "<group>"; };
/* End PBXFileReference section */

/* Begin PBXFrameworksBuildPhase section */
		2436BA871BD639190030DE13 /* Frameworks */ = {
			isa = PBXFrameworksBuildPhase;
			buildActionMask = 2147483647;
			files = (
			);
			runOnlyForDeploymentPostprocessing = 0;
		};
		2436BA9E1BD639190030DE13 /* Frameworks */ = {
			isa = PBXFrameworksBuildPhase;
			buildActionMask = 2147483647;
			files = (
			);
			runOnlyForDeploymentPostprocessing = 0;
		};
		2436BAA91BD639190030DE13 /* Frameworks */ = {
			isa = PBXFrameworksBuildPhase;
			buildActionMask = 2147483647;
			files = (
			);
			runOnlyForDeploymentPostprocessing = 0;
		};
/* End PBXFrameworksBuildPhase section */

/* Begin PBXGroup section */
		24244E561BD65C9500F781DF /* Models */ = {
			isa = PBXGroup;
			children = (
				24244E571BD65CD600F781DF /* DaveoIdea.swift */,
			);
			name = Models;
			sourceTree = "<group>";
		};
		2436BA811BD639190030DE13 = {
			isa = PBXGroup;
			children = (
				2436BA8C1BD639190030DE13 /* DaveoIdeoBox */,
				2436BAA41BD639190030DE13 /* DaveoIdeoBoxTests */,
				2436BAAF1BD639190030DE13 /* DaveoIdeoBoxUITests */,
				2436BA8B1BD639190030DE13 /* Products */,
			);
			sourceTree = "<group>";
		};
		2436BA8B1BD639190030DE13 /* Products */ = {
			isa = PBXGroup;
			children = (
				2436BA8A1BD639190030DE13 /* DaveoIdeoBox.app */,
				2436BAA11BD639190030DE13 /* DaveoIdeoBoxTests.xctest */,
				2436BAAC1BD639190030DE13 /* DaveoIdeoBoxUITests.xctest */,
			);
			name = Products;
			sourceTree = "<group>";
		};
		2436BA8C1BD639190030DE13 /* DaveoIdeoBox */ = {
			isa = PBXGroup;
			children = (
				24244E561BD65C9500F781DF /* Models */,
				2436BA8D1BD639190030DE13 /* AppDelegate.swift */,
				2436BA8F1BD639190030DE13 /* ViewController.swift */,
				2436BA911BD639190030DE13 /* Main.storyboard */,
				2436BA971BD639190030DE13 /* Assets.xcassets */,
				2436BA991BD639190030DE13 /* LaunchScreen.storyboard */,
				2436BA9C1BD639190030DE13 /* Info.plist */,
				2436BA941BD639190030DE13 /* DaveoIdeoBox.xcdatamodeld */,
			);
			path = DaveoIdeoBox;
			sourceTree = "<group>";
		};
		2436BAA41BD639190030DE13 /* DaveoIdeoBoxTests */ = {
			isa = PBXGroup;
			children = (
				2436BAA51BD639190030DE13 /* DaveoIdeoBoxTests.swift */,
				2436BAA71BD639190030DE13 /* Info.plist */,
			);
			path = DaveoIdeoBoxTests;
			sourceTree = "<group>";
		};
		2436BAAF1BD639190030DE13 /* DaveoIdeoBoxUITests */ = {
			isa = PBXGroup;
			children = (
				2436BAB01BD639190030DE13 /* DaveoIdeoBoxUITests.swift */,
				2436BAB21BD639190030DE13 /* Info.plist */,
			);
			path = DaveoIdeoBoxUITests;
			sourceTree = "<group>";
		};
/* End PBXGroup section */

/* Begin PBXNativeTarget section */
		2436BA891BD639190030DE13 /* DaveoIdeoBox */ = {
			isa = PBXNativeTarget;
			buildConfigurationList = 2436BAB51BD639190030DE13 /* Build configuration list for PBXNativeTarget "DaveoIdeoBox" */;
			buildPhases = (
				2436BA861BD639190030DE13 /* Sources */,
				2436BA871BD639190030DE13 /* Frameworks */,
				2436BA881BD639190030DE13 /* Resources */,
			);
			buildRules = (
			);
			dependencies = (
			);
			name = DaveoIdeoBox;
			productName = DaveoIdeoBox;
			productReference = 2436BA8A1BD639190030DE13 /* DaveoIdeoBox.app */;
			productType = "com.apple.product-type.application";
		};
		2436BAA01BD639190030DE13 /* DaveoIdeoBoxTests */ = {
			isa = PBXNativeTarget;
			buildConfigurationList = 2436BAB81BD639190030DE13 /* Build configuration list for PBXNativeTarget "DaveoIdeoBoxTests" */;
			buildPhases = (
				2436BA9D1BD639190030DE13 /* Sources */,
				2436BA9E1BD639190030DE13 /* Frameworks */,
				2436BA9F1BD639190030DE13 /* Resources */,
			);
			buildRules = (
			);
			dependencies = (
				2436BAA31BD639190030DE13 /* PBXTargetDependency */,
			);
			name = DaveoIdeoBoxTests;
			productName = DaveoIdeoBoxTests;
			productReference = 2436BAA11BD639190030DE13 /* DaveoIdeoBoxTests.xctest */;
			productType = "com.apple.product-type.bundle.unit-test";
		};
		2436BAAB1BD639190030DE13 /* DaveoIdeoBoxUITests */ = {
			isa = PBXNativeTarget;
			buildConfigurationList = 2436BABB1BD639190030DE13 /* Build configuration list for PBXNativeTarget "DaveoIdeoBoxUITests" */;
			buildPhases = (
				2436BAA81BD639190030DE13 /* Sources */,
				2436BAA91BD639190030DE13 /* Frameworks */,
				2436BAAA1BD639190030DE13 /* Resources */,
			);
			buildRules = (
			);
			dependencies = (
				2436BAAE1BD639190030DE13 /* PBXTargetDependency */,
			);
			name = DaveoIdeoBoxUITests;
			productName = DaveoIdeoBoxUITests;
			productReference = 2436BAAC1BD639190030DE13 /* DaveoIdeoBoxUITests.xctest */;
			productType = "com.apple.product-type.bundle.ui-testing";
		};
/* End PBXNativeTarget section */

/* Begin PBXProject section */
		2436BA821BD639190030DE13 /* Project object */ = {
			isa = PBXProject;
			attributes = {
				LastUpgradeCheck = 0700;
				ORGANIZATIONNAME = Daveo;
				TargetAttributes = {
					2436BA891BD639190030DE13 = {
						CreatedOnToolsVersion = 7.0.1;
					};
					2436BAA01BD639190030DE13 = {
						CreatedOnToolsVersion = 7.0.1;
						TestTargetID = 2436BA891BD639190030DE13;
					};
					2436BAAB1BD639190030DE13 = {
						CreatedOnToolsVersion = 7.0.1;
						TestTargetID = 2436BA891BD639190030DE13;
					};
				};
			};
			buildConfigurationList = 2436BA851BD639190030DE13 /* Build configuration list for PBXProject "DaveoIdeoBox" */;
			compatibilityVersion = "Xcode 3.2";
			developmentRegion = English;
			hasScannedForEncodings = 0;
			knownRegions = (
				en,
				Base,
			);
			mainGroup = 2436BA811BD639190030DE13;
			productRefGroup = 2436BA8B1BD639190030DE13 /* Products */;
			projectDirPath = "";
			projectRoot = "";
			targets = (
				2436BA891BD639190030DE13 /* DaveoIdeoBox */,
				2436BAA01BD639190030DE13 /* DaveoIdeoBoxTests */,
				2436BAAB1BD639190030DE13 /* DaveoIdeoBoxUITests */,
			);
		};
/* End PBXProject section */

/* Begin PBXResourcesBuildPhase section */
		2436BA881BD639190030DE13 /* Resources */ = {
			isa = PBXResourcesBuildPhase;
			buildActionMask = 2147483647;
			files = (
				2436BA9B1BD639190030DE13 /* LaunchScreen.storyboard in Resources */,
				2436BA981BD639190030DE13 /* Assets.xcassets in Resources */,
				2436BA931BD639190030DE13 /* Main.storyboard in Resources */,
			);
			runOnlyForDeploymentPostprocessing = 0;
		};
		2436BA9F1BD639190030DE13 /* Resources */ = {
			isa = PBXResourcesBuildPhase;
			buildActionMask = 2147483647;
			files = (
			);
			runOnlyForDeploymentPostprocessing = 0;
		};
		2436BAAA1BD639190030DE13 /* Resources */ = {
			isa = PBXResourcesBuildPhase;
			buildActionMask = 2147483647;
			files = (
			);
			runOnlyForDeploymentPostprocessing = 0;
		};
/* End PBXResourcesBuildPhase section */

/* Begin PBXSourcesBuildPhase section */
		2436BA861BD639190030DE13 /* Sources */ = {
			isa = PBXSourcesBuildPhase;
			buildActionMask = 2147483647;
			files = (
				24244E581BD65CD600F781DF /* DaveoIdea.swift in Sources */,
				2436BA961BD639190030DE13 /* DaveoIdeoBox.xcdatamodeld in Sources */,
				2436BA901BD639190030DE13 /* ViewController.swift in Sources */,
				2436BA8E1BD639190030DE13 /* AppDelegate.swift in Sources */,
			);
			runOnlyForDeploymentPostprocessing = 0;
		};
		2436BA9D1BD639190030DE13 /* Sources */ = {
			isa = PBXSourcesBuildPhase;
			buildActionMask = 2147483647;
			files = (
				2436BAA61BD639190030DE13 /* DaveoIdeoBoxTests.swift in Sources */,
			);
			runOnlyForDeploymentPostprocessing = 0;
		};
		2436BAA81BD639190030DE13 /* Sources */ = {
			isa = PBXSourcesBuildPhase;
			buildActionMask = 2147483647;
			files = (
				2436BAB11BD639190030DE13 /* DaveoIdeoBoxUITests.swift in Sources */,
			);
			runOnlyForDeploymentPostprocessing = 0;
		};
/* End PBXSourcesBuildPhase section */

/* Begin PBXTargetDependency section */
		2436BAA31BD639190030DE13 /* PBXTargetDependency */ = {
			isa = PBXTargetDependency;
			target = 2436BA891BD639190030DE13 /* DaveoIdeoBox */;
			targetProxy = 2436BAA21BD639190030DE13 /* PBXContainerItemProxy */;
		};
		2436BAAE1BD639190030DE13 /* PBXTargetDependency */ = {
			isa = PBXTargetDependency;
			target = 2436BA891BD639190030DE13 /* DaveoIdeoBox */;
			targetProxy = 2436BAAD1BD639190030DE13 /* PBXContainerItemProxy */;
		};
/* End PBXTargetDependency section */

/* Begin PBXVariantGroup section */
		2436BA911BD639190030DE13 /* Main.storyboard */ = {
			isa = PBXVariantGroup;
			children = (
				2436BA921BD639190030DE13 /* Base */,
			);
			name = Main.storyboard;
			sourceTree = "<group>";
		};
		2436BA991BD639190030DE13 /* LaunchScreen.storyboard */ = {
			isa = PBXVariantGroup;
			children = (
				2436BA9A1BD639190030DE13 /* Base */,
			);
			name = LaunchScreen.storyboard;
			sourceTree = "<group>";
		};
/* End PBXVariantGroup section */

/* Begin XCBuildConfiguration section */
		2436BAB31BD639190030DE13 /* Debug */ = {
			isa = XCBuildConfiguration;
			buildSettings = {
				ALWAYS_SEARCH_USER_PATHS = NO;
				CLANG_CXX_LANGUAGE_STANDARD = "gnu++0x";
				CLANG_CXX_LIBRARY = "libc++";
				CLANG_ENABLE_MODULES = YES;
				CLANG_ENABLE_OBJC_ARC = YES;
				CLANG_WARN_BOOL_CONVERSION = YES;
				CLANG_WARN_CONSTANT_CONVERSION = YES;
				CLANG_WARN_DIRECT_OBJC_ISA_USAGE = YES_ERROR;
				CLANG_WARN_EMPTY_BODY = YES;
				CLANG_WARN_ENUM_CONVERSION = YES;
				CLANG_WARN_INT_CONVERSION = YES;
				CLANG_WARN_OBJC_ROOT_CLASS = YES_ERROR;
				CLANG_WARN_UNREACHABLE_CODE = YES;
				CLANG_WARN__DUPLICATE_METHOD_MATCH = YES;
				"CODE_SIGN_IDENTITY[sdk=iphoneos*]" = "iPhone Developer";
				COPY_PHASE_STRIP = NO;
				DEBUG_INFORMATION_FORMAT = dwarf;
				ENABLE_STRICT_OBJC_MSGSEND = YES;
				ENABLE_TESTABILITY = YES;
				GCC_C_LANGUAGE_STANDARD = gnu99;
				GCC_DYNAMIC_NO_PIC = NO;
				GCC_NO_COMMON_BLOCKS = YES;
				GCC_OPTIMIZATION_LEVEL = 0;
				GCC_PREPROCESSOR_DEFINITIONS = (
					"DEBUG=1",
					"$(inherited)",
				);
				GCC_WARN_64_TO_32_BIT_CONVERSION = YES;
				GCC_WARN_ABOUT_RETURN_TYPE = YES_ERROR;
				GCC_WARN_UNDECLARED_SELECTOR = YES;
				GCC_WARN_UNINITIALIZED_AUTOS = YES_AGGRESSIVE;
				GCC_WARN_UNUSED_FUNCTION = YES;
				GCC_WARN_UNUSED_VARIABLE = YES;
				IPHONEOS_DEPLOYMENT_TARGET = 9.0;
				MTL_ENABLE_DEBUG_INFO = YES;
				ONLY_ACTIVE_ARCH = YES;
				SDKROOT = iphoneos;
				SWIFT_OPTIMIZATION_LEVEL = "-Onone";
				TARGETED_DEVICE_FAMILY = 2;
			};
			name = Debug;
		};
		2436BAB41BD639190030DE13 /* Release */ = {
			isa = XCBuildConfiguration;
			buildSettings = {
				ALWAYS_SEARCH_USER_PATHS = NO;
				CLANG_CXX_LANGUAGE_STANDARD = "gnu++0x";
				CLANG_CXX_LIBRARY = "libc++";
				CLANG_ENABLE_MODULES = YES;
				CLANG_ENABLE_OBJC_ARC = YES;
				CLANG_WARN_BOOL_CONVERSION = YES;
				CLANG_WARN_CONSTANT_CONVERSION = YES;
				CLANG_WARN_DIRECT_OBJC_ISA_USAGE = YES_ERROR;
				CLANG_WARN_EMPTY_BODY = YES;
				CLANG_WARN_ENUM_CONVERSION = YES;
				CLANG_WARN_INT_CONVERSION = YES;
				CLANG_WARN_OBJC_ROOT_CLASS = YES_ERROR;
				CLANG_WARN_UNREACHABLE_CODE = YES;
				CLANG_WARN__DUPLICATE_METHOD_MATCH = YES;
				"CODE_SIGN_IDENTITY[sdk=iphoneos*]" = "iPhone Developer";
				COPY_PHASE_STRIP = NO;
				DEBUG_INFORMATION_FORMAT = "dwarf-with-dsym";
				ENABLE_NS_ASSERTIONS = NO;
				ENABLE_STRICT_OBJC_MSGSEND = YES;
				GCC_C_LANGUAGE_STANDARD = gnu99;
				GCC_NO_COMMON_BLOCKS = YES;
				GCC_WARN_64_TO_32_BIT_CONVERSION = YES;
				GCC_WARN_ABOUT_RETURN_TYPE = YES_ERROR;
				GCC_WARN_UNDECLARED_SELECTOR = YES;
				GCC_WARN_UNINITIALIZED_AUTOS = YES_AGGRESSIVE;
				GCC_WARN_UNUSED_FUNCTION = YES;
				GCC_WARN_UNUSED_VARIABLE = YES;
				IPHONEOS_DEPLOYMENT_TARGET = 9.0;
				MTL_ENABLE_DEBUG_INFO = NO;
				SDKROOT = iphoneos;
				TARGETED_DEVICE_FAMILY = 2;
				VALIDATE_PRODUCT = YES;
			};
			name = Release;
		};
		2436BAB61BD639190030DE13 /* Debug */ = {
			isa = XCBuildConfiguration;
			buildSettings = {
				ASSETCATALOG_COMPILER_APPICON_NAME = AppIcon;
				INFOPLIST_FILE = DaveoIdeoBox/Info.plist;
				LD_RUNPATH_SEARCH_PATHS = "$(inherited) @executable_path/Frameworks";
				PRODUCT_BUNDLE_IDENTIFIER = "daveo-apps.DaveoIdeaBox";
				PRODUCT_NAME = "$(TARGET_NAME)";
			};
			name = Debug;
		};
		2436BAB71BD639190030DE13 /* Release */ = {
			isa = XCBuildConfiguration;
			buildSettings = {
				ASSETCATALOG_COMPILER_APPICON_NAME = AppIcon;
				INFOPLIST_FILE = DaveoIdeoBox/Info.plist;
				LD_RUNPATH_SEARCH_PATHS = "$(inherited) @executable_path/Frameworks";
				PRODUCT_BUNDLE_IDENTIFIER = "daveo-apps.DaveoIdeaBox";
				PRODUCT_NAME = "$(TARGET_NAME)";
			};
			name = Release;
		};
		2436BAB91BD639190030DE13 /* Debug */ = {
			isa = XCBuildConfiguration;
			buildSettings = {
				BUNDLE_LOADER = "$(TEST_HOST)";
				INFOPLIST_FILE = DaveoIdeoBoxTests/Info.plist;
				LD_RUNPATH_SEARCH_PATHS = "$(inherited) @executable_path/Frameworks @loader_path/Frameworks";
				PRODUCT_BUNDLE_IDENTIFIER = "daveo-apps.DaveoIdeoBoxTests";
				PRODUCT_NAME = "$(TARGET_NAME)";
				TEST_HOST = "$(BUILT_PRODUCTS_DIR)/DaveoIdeoBox.app/DaveoIdeoBox";
			};
			name = Debug;
		};
		2436BABA1BD639190030DE13 /* Release */ = {
			isa = XCBuildConfiguration;
			buildSettings = {
				BUNDLE_LOADER = "$(TEST_HOST)";
				INFOPLIST_FILE = DaveoIdeoBoxTests/Info.plist;
				LD_RUNPATH_SEARCH_PATHS = "$(inherited) @executable_path/Frameworks @loader_path/Frameworks";
				PRODUCT_BUNDLE_IDENTIFIER = "daveo-apps.DaveoIdeoBoxTests";
				PRODUCT_NAME = "$(TARGET_NAME)";
				TEST_HOST = "$(BUILT_PRODUCTS_DIR)/DaveoIdeoBox.app/DaveoIdeoBox";
			};
			name = Release;
		};
		2436BABC1BD639190030DE13 /* Debug */ = {
			isa = XCBuildConfiguration;
			buildSettings = {
				INFOPLIST_FILE = DaveoIdeoBoxUITests/Info.plist;
				LD_RUNPATH_SEARCH_PATHS = "$(inherited) @executable_path/Frameworks @loader_path/Frameworks";
				PRODUCT_BUNDLE_IDENTIFIER = "daveo-apps.DaveoIdeoBoxUITests";
				PRODUCT_NAME = "$(TARGET_NAME)";
				TEST_TARGET_NAME = DaveoIdeoBox;
				USES_XCTRUNNER = YES;
			};
			name = Debug;
		};
		2436BABD1BD639190030DE13 /* Release */ = {
			isa = XCBuildConfiguration;
			buildSettings = {
				INFOPLIST_FILE = DaveoIdeoBoxUITests/Info.plist;
				LD_RUNPATH_SEARCH_PATHS = "$(inherited) @executable_path/Frameworks @loader_path/Frameworks";
				PRODUCT_BUNDLE_IDENTIFIER = "daveo-apps.DaveoIdeoBoxUITests";
				PRODUCT_NAME = "$(TARGET_NAME)";
				TEST_TARGET_NAME = DaveoIdeoBox;
				USES_XCTRUNNER = YES;
			};
			name = Release;
		};
/* End XCBuildConfiguration section */

/* Begin XCConfigurationList section */
		2436BA851BD639190030DE13 /* Build configuration list for PBXProject "DaveoIdeoBox" */ = {
			isa = XCConfigurationList;
			buildConfigurations = (
				2436BAB31BD639190030DE13 /* Debug */,
				2436BAB41BD639190030DE13 /* Release */,
			);
			defaultConfigurationIsVisible = 0;
			defaultConfigurationName = Release;
		};
		2436BAB51BD639190030DE13 /* Build configuration list for PBXNativeTarget "DaveoIdeoBox" */ = {
			isa = XCConfigurationList;
			buildConfigurations = (
				2436BAB61BD639190030DE13 /* Debug */,
				2436BAB71BD639190030DE13 /* Release */,
			);
			defaultConfigurationIsVisible = 0;
			defaultConfigurationName = Release;
		};
		2436BAB81BD639190030DE13 /* Build configuration list for PBXNativeTarget "DaveoIdeoBoxTests" */ = {
			isa = XCConfigurationList;
			buildConfigurations = (
				2436BAB91BD639190030DE13 /* Debug */,
				2436BABA1BD639190030DE13 /* Release */,
			);
			defaultConfigurationIsVisible = 0;
			defaultConfigurationName = Release;
		};
		2436BABB1BD639190030DE13 /* Build configuration list for PBXNativeTarget "DaveoIdeoBoxUITests" */ = {
			isa = XCConfigurationList;
			buildConfigurations = (
				2436BABC1BD639190030DE13 /* Debug */,
				2436BABD1BD639190030DE13 /* Release */,
			);
			defaultConfigurationIsVisible = 0;
			defaultConfigurationName = Release;
		};
/* End XCConfigurationList section */

/* Begin XCVersionGroup section */
		2436BA941BD639190030DE13 /* DaveoIdeoBox.xcdatamodeld */ = {
			isa = XCVersionGroup;
			children = (
				2436BA951BD639190030DE13 /* DaveoIdeoBox.xcdatamodel */,
			);
			currentVersion = 2436BA951BD639190030DE13 /* DaveoIdeoBox.xcdatamodel */;
			path = DaveoIdeoBox.xcdatamodeld;
			sourceTree = "<group>";
			versionGroupType = wrapper.xcdatamodel;
		};
/* End XCVersionGroup section */
	};
	rootObject = 2436BA821BD639190030DE13 /* Project object */;
}
